
Microsoft Visual Studio Solution File, Format Version 9.00
# Visual C# Express 2005
Project("{FAE04EC0-301F-11D3-BF4B-00C04F79EFBC}") = "WinFormsDemo", "WinFormsDemo\WinFormsDemo.csproj", "{DFD4410E-3802-4CE3-B8C8-4F200C39659D}"
EndProject
Project("{FAE04EC0-301F-11D3-BF4B-00C04F79EFBC}") = "GTKDemo", "GTKDemo\GTKDemo.csproj", "{0BF38223-DDE3-4B99-8734-2C4A9D545B2D}"
EndProject
Project("{FAE04EC0-301F-11D3-BF4B-00C04F79EFBC}") = "DDraw", "DDraw\DDraw.csproj", "{483D8236-B660-429C-A441-19FF82EA3867}"
EndProject
Project("{FAE04EC0-301F-11D3-BF4B-00C04F79EFBC}") = "DDrawGTK", "DDrawGTK\DDrawGTK.csproj", "{E6DF6534-6F58-49D0-AE7B-0A288000D9F1}"
EndProject
Project("{FAE04EC0-301F-11D3-BF4B-00C04F79EFBC}") = "DDrawWF", "DDrawWF\DDrawWF.csproj", "{5A55F6B3-6748-402C-B910-C8543B97BE73}"
EndProject
Project("{FAE04EC0-301F-11D3-BF4B-00C04F79EFBC}") = "DejaVu", "libs\Dejavu\DejaVu.csproj", "{A204BD9C-1C1A-4AE8-9716-B7B6C67E09F7}"
EndProject
Project("{FAE04EC0-301F-11D3-BF4B-00C04F79EFBC}") = "qf4net", "libs\qf4net\src\qf4net.csproj", "{068CD5CC-1000-430B-A575-A1E5644EDFD3}"
EndProject
Global
	GlobalSection(SolutionConfigurationPlatforms) = preSolution
		Debug|Any CPU = Debug|Any CPU
		Release|Any CPU = Release|Any CPU
	EndGlobalSection
	GlobalSection(ProjectConfigurationPlatforms) = postSolution
		{DFD4410E-3802-4CE3-B8C8-4F200C39659D}.Debug|Any CPU.ActiveCfg = Debug|Any CPU
		{DFD4410E-3802-4CE3-B8C8-4F200C39659D}.Debug|Any CPU.Build.0 = Debug|Any CPU
		{DFD4410E-3802-4CE3-B8C8-4F200C39659D}.Release|Any CPU.ActiveCfg = Release|Any CPU
		{DFD4410E-3802-4CE3-B8C8-4F200C39659D}.Release|Any CPU.Build.0 = Release|Any CPU
		{0BF38223-DDE3-4B99-8734-2C4A9D545B2D}.Debug|Any CPU.ActiveCfg = Debug|Any CPU
		{0BF38223-DDE3-4B99-8734-2C4A9D545B2D}.Debug|Any CPU.Build.0 = Debug|Any CPU
		{0BF38223-DDE3-4B99-8734-2C4A9D545B2D}.Release|Any CPU.ActiveCfg = Release|Any CPU
		{0BF38223-DDE3-4B99-8734-2C4A9D545B2D}.Release|Any CPU.Build.0 = Release|Any CPU
		{483D8236-B660-429C-A441-19FF82EA3867}.Debug|Any CPU.ActiveCfg = Debug|Any CPU
		{483D8236-B660-429C-A441-19FF82EA3867}.Debug|Any CPU.Build.0 = Debug|Any CPU
		{483D8236-B660-429C-A441-19FF82EA3867}.Release|Any CPU.ActiveCfg = Release|Any CPU
		{483D8236-B660-429C-A441-19FF82EA3867}.Release|Any CPU.Build.0 = Release|Any CPU
		{E6DF6534-6F58-49D0-AE7B-0A288000D9F1}.Debug|Any CPU.ActiveCfg = Debug|Any CPU
		{E6DF6534-6F58-49D0-AE7B-0A288000D9F1}.Debug|Any CPU.Build.0 = Debug|Any CPU
		{E6DF6534-6F58-49D0-AE7B-0A288000D9F1}.Release|Any CPU.ActiveCfg = Release|Any CPU
		{E6DF6534-6F58-49D0-AE7B-0A288000D9F1}.Release|Any CPU.Build.0 = Release|Any CPU
		{5A55F6B3-6748-402C-B910-C8543B97BE73}.Debug|Any CPU.ActiveCfg = Debug|Any CPU
		{5A55F6B3-6748-402C-B910-C8543B97BE73}.Debug|Any CPU.Build.0 = Debug|Any CPU
		{5A55F6B3-6748-402C-B910-C8543B97BE73}.Release|Any CPU.ActiveCfg = Release|Any CPU
		{5A55F6B3-6748-402C-B910-C8543B97BE73}.Release|Any CPU.Build.0 = Release|Any CPU
		{A204BD9C-1C1A-4AE8-9716-B7B6C67E09F7}.Debug|Any CPU.ActiveCfg = Debug|Any CPU
		{A204BD9C-1C1A-4AE8-9716-B7B6C67E09F7}.Debug|Any CPU.Build.0 = Debug|Any CPU
		{A204BD9C-1C1A-4AE8-9716-B7B6C67E09F7}.Release|Any CPU.ActiveCfg = Release|Any CPU
		{A204BD9C-1C1A-4AE8-9716-B7B6C67E09F7}.Release|Any CPU.Build.0 = Release|Any CPU
		{068CD5CC-1000-430B-A575-A1E5644EDFD3}.Debug|Any CPU.ActiveCfg = Debug|Any CPU
		{068CD5CC-1000-430B-A575-A1E5644EDFD3}.Debug|Any CPU.Build.0 = Debug|Any CPU
		{068CD5CC-1000-430B-A575-A1E5644EDFD3}.Release|Any CPU.ActiveCfg = Release|Any CPU
		{068CD5CC-1000-430B-A575-A1E5644EDFD3}.Release|Any CPU.Build.0 = Release|Any CPU
	EndGlobalSection
	GlobalSection(SolutionProperties) = preSolution
		HideSolutionNode = FALSE
	EndGlobalSection
	GlobalSection(NestedProjects) = preSolution
	EndGlobalSection
EndGlobal
